{
  "lockfileVersion": 1,
  "configVersion": 1,
  "workspaces": {
    "": {
      "dependencies": {
        "sortablejs": "^1.15.6",
      },
    },
  },
  "packages": {
    "sortablejs": ["sortablejs@1.15.6", "", {}, "sha512-aNfiuwMEpfBM/CN6LY0ibyhxPfPbyFeBTYJKCvzkJ2GkUpazIt3H+QIPAMHwqQ7tMKaHz1Qj+rJJCqljnf4p3A=="],
  }
}
